
Microsoft Visual Studio Solution File, Format Version 12.00
# Visual Studio 15
VisualStudioVersion = 15.0.27130.2036
MinimumVisualStudioVersion = 10.0.40219.1
Project("{FAE04EC0-301F-11D3-BF4B-00C04F79EFBC}") = "Identity.Server.Aprende", "Identity.Server.Aprende\Identity.Server.Aprende.csproj", "{13991722-609E-443F-A7F9-65A364E7483A}"
EndProject
Global
	GlobalSection(SolutionConfigurationPlatforms) = preSolution
		Debug|Any CPU = Debug|Any CPU
		Release|Any CPU = Release|Any CPU
	EndGlobalSection
	GlobalSection(ProjectConfigurationPlatforms) = postSolution
		{13991722-609E-443F-A7F9-65A364E7483A}.Debug|Any CPU.ActiveCfg = Debug|Any CPU
		{13991722-609E-443F-A7F9-65A364E7483A}.Debug|Any CPU.Build.0 = Debug|Any CPU
		{13991722-609E-443F-A7F9-65A364E7483A}.Release|Any CPU.ActiveCfg = Release|Any CPU
		{13991722-609E-443F-A7F9-65A364E7483A}.Release|Any CPU.Build.0 = Release|Any CPU
	EndGlobalSection
	GlobalSection(SolutionProperties) = preSolution
		HideSolutionNode = FALSE
	EndGlobalSection
	GlobalSection(ExtensibilityGlobals) = postSolution
		SolutionGuid = {3B394F63-3DB4-43AE-8CB7-572231D28DD3}
	EndGlobalSection
EndGlobal
